
Microsoft Visual Studio Solution File, Format Version 12.00
# Visual Studio Version 17
VisualStudioVersion = 17.4.33403.182
MinimumVisualStudioVersion = 10.0.40219.1
Project("{FAE04EC0-301F-11D3-BF4B-00C04F79EFBC}") = "PokerLab.UI", "PokerLab.UI.csproj", "{441CDB4B-F440-4CEB-B62A-A66EF76D2BAD}"
EndProject
Global
	GlobalSection(SolutionConfigurationPlatforms) = preSolution
		Debug|Any CPU = Debug|Any CPU
		Release|Any CPU = Release|Any CPU
	EndGlobalSection
	GlobalSection(ProjectConfigurationPlatforms) = postSolution
		{441CDB4B-F440-4CEB-B62A-A66EF76D2BAD}.Debug|Any CPU.ActiveCfg = Debug|Any CPU
		{441CDB4B-F440-4CEB-B62A-A66EF76D2BAD}.Debug|Any CPU.Build.0 = Debug|Any CPU
		{441CDB4B-F440-4CEB-B62A-A66EF76D2BAD}.Release|Any CPU.ActiveCfg = Release|Any CPU
		{441CDB4B-F440-4CEB-B62A-A66EF76D2BAD}.Release|Any CPU.Build.0 = Release|Any CPU
	EndGlobalSection
	GlobalSection(SolutionProperties) = preSolution
		HideSolutionNode = FALSE
	EndGlobalSection
	GlobalSection(ExtensibilityGlobals) = postSolution
		SolutionGuid = {280B582D-39FE-4492-A07F-88629164855B}
	EndGlobalSection
EndGlobal
